// !$*UTF8*$!
{
	archiveVersion = 1;
	classes = {
	};
	objectVersion = 46;
	objects = {

/* Begin PBXBuildFile section */
		CEAA1BB41D9C7A17001E8310 /* main.m in Sources */ = {isa = PBXBuildFile; fileRef = CEAA1BB31D9C7A17001E8310 /* main.m */; };
		CEAA1BB71D9C7A17001E8310 /* AppDelegate.m in Sources */ = {isa = PBXBuildFile; fileRef = CEAA1BB61D9C7A17001E8310 /* AppDelegate.m */; };
		CEAA1BBA1D9C7A17001E8310 /* ViewController.m in Sources */ = {isa = PBXBuildFile; fileRef = CEAA1BB91D9C7A17001E8310 /* ViewController.m */; };
		CEAA1BBD1D9C7A17001E8310 /* Main.storyboard in Resources */ = {isa = PBXBuildFile; fileRef = CEAA1BBB1D9C7A17001E8310 /* Main.storyboard */; };
		CEAA1BBF1D9C7A17001E8310 /* Assets.xcassets in Resources */ = {isa = PBXBuildFile; fileRef = CEAA1BBE1D9C7A17001E8310 /* Assets.xcassets */; };
		CEAA1BC21D9C7A17001E8310 /* LaunchScreen.storyboard in Resources */ = {isa = PBXBuildFile; fileRef = CEAA1BC01D9C7A17001E8310 /* LaunchScreen.storyboard */; };
		CEAA1BCB1D9C7C20001E8310 /* Calculator.m in Sources */ = {isa = PBXBuildFile; fileRef = CEAA1BCA1D9C7C20001E8310 /* Calculator.m */; };
		CEAA1BCE1D9CD109001E8310 /* ScientificCalculator.m in Sources */ = {isa = PBXBuildFile; fileRef = CEAA1BCD1D9CD109001E8310 /* ScientificCalculator.m */; };
/* End PBXBuildFile section */

/* Begin PBXFileReference section */
		CEAA1BAF1D9C7A17001E8310 /* CalculatorAppV2.app */ = {isa = PBXFileReference; explicitFileType = wrapper.application; includeInIndex = 0; path = CalculatorAppV2.app; sourceTree = BUILT_PRODUCTS_DIR; };
		CEAA1BB31D9C7A17001E8310 /* main.m */ = {isa = PBXFileReference; lastKnownFileType = sourcecode.c.objc; path = main.m; sourceTree = "<group>"; };
		CEAA1BB51D9C7A17001E8310 /* AppDelegate.h */ = {isa = PBXFileReference; lastKnownFileType = sourcecode.c.h; path = AppDelegate.h; sourceTree = "<group>"; };
		CEAA1BB61D9C7A17001E8310 /* AppDelegate.m */ = {isa = PBXFileReference; lastKnownFileType = sourcecode.c.objc; path = AppDelegate.m; sourceTree = "<group>"; };
		CEAA1BB81D9C7A17001E8310 /* ViewController.h */ = {isa = PBXFileReference; lastKnownFileType = sourcecode.c.h; path = ViewController.h; sourceTree = "<group>"; };
		CEAA1BB91D9C7A17001E8310 /* ViewController.m */ = {isa = PBXFileReference; lastKnownFileType = sourcecode.c.objc; path = ViewController.m; sourceTree = "<group>"; };
		CEAA1BBC1D9C7A17001E8310 /* Base */ = {isa = PBXFileReference; lastKnownFileType = file.storyboard; name = Base; path = Base.lproj/Main.storyboard; sourceTree = "<group>"; };
		CEAA1BBE1D9C7A17001E8310 /* Assets.xcassets */ = {isa = PBXFileReference; lastKnownFileType = folder.assetcatalog; path = Assets.xcassets; sourceTree = "<group>"; };
		CEAA1BC11D9C7A17001E8310 /* Base */ = {isa = PBXFileReference; lastKnownFileType = file.storyboard; name = Base; path = Base.lproj/LaunchScreen.storyboard; sourceTree = "<group>"; };
		CEAA1BC31D9C7A17001E8310 /* Info.plist */ = {isa = PBXFileReference; lastKnownFileType = text.plist.xml; path = Info.plist; sourceTree = "<group>"; };
		CEAA1BC91D9C7C20001E8310 /* Calculator.h */ = {isa = PBXFileReference; fileEncoding = 4; lastKnownFileType = sourcecode.c.h; path = Calculator.h; sourceTree = "<group>"; };
		CEAA1BCA1D9C7C20001E8310 /* Calculator.m */ = {isa = PBXFileReference; fileEncoding = 4; lastKnownFileType = sourcecode.c.objc; path = Calculator.m; sourceTree = "<group>"; };
		CEAA1BCC1D9CD109001E8310 /* ScientificCalculator.h */ = {isa = PBXFileReference; fileEncoding = 4; lastKnownFileType = sourcecode.c.h; path = ScientificCalculator.h; sourceTree = "<group>"; };
		CEAA1BCD1D9CD109001E8310 /* ScientificCalculator.m */ = {isa = PBXFileReference; fileEncoding = 4; lastKnownFileType = sourcecode.c.objc; path = ScientificCalculator.m; sourceTree = "<group>"; };
/* End PBXFileReference section */

/* Begin PBXFrameworksBuildPhase section */
		CEAA1BAC1D9C7A17001E8310 /* Frameworks */ = {
			isa = PBXFrameworksBuildPhase;
			buildActionMask = 2147483647;
			files = (
			);
			runOnlyForDeploymentPostprocessing = 0;
		};
/* End PBXFrameworksBuildPhase section */

/* Begin PBXGroup section */
		CEAA1BA61D9C7A17001E8310 = {
			isa = PBXGroup;
			children = (
				CEAA1BB11D9C7A17001E8310 /* CalculatorAppV2 */,
				CEAA1BB01D9C7A17001E8310 /* Products */,
			);
			sourceTree = "<group>";
		};
		CEAA1BB01D9C7A17001E8310 /* Products */ = {
			isa = PBXGroup;
			children = (
				CEAA1BAF1D9C7A17001E8310 /* CalculatorAppV2.app */,
			);
			name = Products;
			sourceTree = "<group>";
		};
		CEAA1BB11D9C7A17001E8310 /* CalculatorAppV2 */ = {
			isa = PBXGroup;
			children = (
				CEAA1BB51D9C7A17001E8310 /* AppDelegate.h */,
				CEAA1BB61D9C7A17001E8310 /* AppDelegate.m */,
				CEAA1BC91D9C7C20001E8310 /* Calculator.h */,
				CEAA1BCA1D9C7C20001E8310 /* Calculator.m */,
				CEAA1BCC1D9CD109001E8310 /* ScientificCalculator.h */,
				CEAA1BCD1D9CD109001E8310 /* ScientificCalculator.m */,
				CEAA1BB81D9C7A17001E8310 /* ViewController.h */,
				CEAA1BB91D9C7A17001E8310 /* ViewController.m */,
				CEAA1BBB1D9C7A17001E8310 /* Main.storyboard */,
				CEAA1BBE1D9C7A17001E8310 /* Assets.xcassets */,
				CEAA1BC01D9C7A17001E8310 /* LaunchScreen.storyboard */,
				CEAA1BC31D9C7A17001E8310 /* Info.plist */,
				CEAA1BB21D9C7A17001E8310 /* Supporting Files */,
			);
			path = CalculatorAppV2;
			sourceTree = "<group>";
		};
		CEAA1BB21D9C7A17001E8310 /* Supporting Files */ = {
			isa = PBXGroup;
			children = (
				CEAA1BB31D9C7A17001E8310 /* main.m */,
			);
			name = "Supporting Files";
			sourceTree = "<group>";
		};
/* End PBXGroup section */

/* Begin PBXNativeTarget section */
		CEAA1BAE1D9C7A17001E8310 /* CalculatorAppV2 */ = {
			isa = PBXNativeTarget;
			buildConfigurationList = CEAA1BC61D9C7A17001E8310 /* Build configuration list for PBXNativeTarget "CalculatorAppV2" */;
			buildPhases = (
				CEAA1BAB1D9C7A17001E8310 /* Sources */,
				CEAA1BAC1D9C7A17001E8310 /* Frameworks */,
				CEAA1BAD1D9C7A17001E8310 /* Resources */,
			);
			buildRules = (
			);
			dependencies = (
			);
			name = CalculatorAppV2;
			productName = CalculatorAppV2;
			productReference = CEAA1BAF1D9C7A17001E8310 /* CalculatorAppV2.app */;
			productType = "com.apple.product-type.application";
		};
/* End PBXNativeTarget section */

/* Begin PBXProject section */
		CEAA1BA71D9C7A17001E8310 /* Project object */ = {
			isa = PBXProject;
			attributes = {
				LastUpgradeCheck = 0800;
				ORGANIZATIONNAME = "rem{e}koh";
				TargetAttributes = {
					CEAA1BAE1D9C7A17001E8310 = {
						CreatedOnToolsVersion = 8.0;
						DevelopmentTeam = BL9A494VY5;
						ProvisioningStyle = Automatic;
					};
				};
			};
			buildConfigurationList = CEAA1BAA1D9C7A17001E8310 /* Build configuration list for PBXProject "CalculatorAppV2" */;
			compatibilityVersion = "Xcode 3.2";
			developmentRegion = English;
			hasScannedForEncodings = 0;
			knownRegions = (
				en,
				Base,
			);
			mainGroup = CEAA1BA61D9C7A17001E8310;
			productRefGroup = CEAA1BB01D9C7A17001E8310 /* Products */;
			projectDirPath = "";
			projectRoot = "";
			targets = (
				CEAA1BAE1D9C7A17001E8310 /* CalculatorAppV2 */,
			);
		};
/* End PBXProject section */

/* Begin PBXResourcesBuildPhase section */
		CEAA1BAD1D9C7A17001E8310 /* Resources */ = {
			isa = PBXResourcesBuildPhase;
			buildActionMask = 2147483647;
			files = (
				CEAA1BC21D9C7A17001E8310 /* LaunchScreen.storyboard in Resources */,
				CEAA1BBF1D9C7A17001E8310 /* Assets.xcassets in Resources */,
				CEAA1BBD1D9C7A17001E8310 /* Main.storyboard in Resources */,
			);
			runOnlyForDeploymentPostprocessing = 0;
		};
/* End PBXResourcesBuildPhase section */

/* Begin PBXSourcesBuildPhase section */
		CEAA1BAB1D9C7A17001E8310 /* Sources */ = {
			isa = PBXSourcesBuildPhase;
			buildActionMask = 2147483647;
			files = (
				CEAA1BBA1D9C7A17001E8310 /* ViewController.m in Sources */,
				CEAA1BCE1D9CD109001E8310 /* ScientificCalculator.m in Sources */,
				CEAA1BCB1D9C7C20001E8310 /* Calculator.m in Sources */,
				CEAA1BB71D9C7A17001E8310 /* AppDelegate.m in Sources */,
				CEAA1BB41D9C7A17001E8310 /* main.m in Sources */,
			);
			runOnlyForDeploymentPostprocessing = 0;
		};
/* End PBXSourcesBuildPhase section */

/* Begin PBXVariantGroup section */
		CEAA1BBB1D9C7A17001E8310 /* Main.storyboard */ = {
			isa = PBXVariantGroup;
			children = (
				CEAA1BBC1D9C7A17001E8310 /* Base */,
			);
			name = Main.storyboard;
			sourceTree = "<group>";
		};
		CEAA1BC01D9C7A17001E8310 /* LaunchScreen.storyboard */ = {
			isa = PBXVariantGroup;
			children = (
				CEAA1BC11D9C7A17001E8310 /* Base */,
			);
			name = LaunchScreen.storyboard;
			sourceTree = "<group>";
		};
/* End PBXVariantGroup section */

/* Begin XCBuildConfiguration section */
		CEAA1BC41D9C7A17001E8310 /* Debug */ = {
			isa = XCBuildConfiguration;
			buildSettings = {
				ALWAYS_SEARCH_USER_PATHS = NO;
				CLANG_ANALYZER_NONNULL = YES;
				CLANG_CXX_LANGUAGE_STANDARD = "gnu++0x";
				CLANG_CXX_LIBRARY = "libc++";
				CLANG_ENABLE_MODULES = YES;
				CLANG_ENABLE_OBJC_ARC = YES;
				CLANG_WARN_BOOL_CONVERSION = YES;
				CLANG_WARN_CONSTANT_CONVERSION = YES;
				CLANG_WARN_DIRECT_OBJC_ISA_USAGE = YES_ERROR;
				CLANG_WARN_DOCUMENTATION_COMMENTS = YES;
				CLANG_WARN_EMPTY_BODY = YES;
				CLANG_WARN_ENUM_CONVERSION = YES;
				CLANG_WARN_INFINITE_RECURSION = YES;
				CLANG_WARN_INT_CONVERSION = YES;
				CLANG_WARN_OBJC_ROOT_CLASS = YES_ERROR;
				CLANG_WARN_SUSPICIOUS_MOVES = YES;
				CLANG_WARN_UNREACHABLE_CODE = YES;
				CLANG_WARN__DUPLICATE_METHOD_MATCH = YES;
				"CODE_SIGN_IDENTITY[sdk=iphoneos*]" = "iPhone Developer";
				COPY_PHASE_STRIP = NO;
				DEBUG_INFORMATION_FORMAT = dwarf;
				ENABLE_STRICT_OBJC_MSGSEND = YES;
				ENABLE_TESTABILITY = YES;
				GCC_C_LANGUAGE_STANDARD = gnu99;
				GCC_DYNAMIC_NO_PIC = NO;
				GCC_NO_COMMON_BLOCKS = YES;
				GCC_OPTIMIZATION_LEVEL = 0;
				GCC_PREPROCESSOR_DEFINITIONS = (
					"DEBUG=1",
					"$(inherited)",
				);
				GCC_WARN_64_TO_32_BIT_CONVERSION = YES;
				GCC_WARN_ABOUT_RETURN_TYPE = YES_ERROR;
				GCC_WARN_UNDECLARED_SELECTOR = YES;
				GCC_WARN_UNINITIALIZED_AUTOS = YES_AGGRESSIVE;
				GCC_WARN_UNUSED_FUNCTION = YES;
				GCC_WARN_UNUSED_VARIABLE = YES;
				IPHONEOS_DEPLOYMENT_TARGET = 10.0;
				MTL_ENABLE_DEBUG_INFO = YES;
				ONLY_ACTIVE_ARCH = YES;
				SDKROOT = iphoneos;
				TARGETED_DEVICE_FAMILY = "1,2";
			};
			name = Debug;
		};
		CEAA1BC51D9C7A17001E8310 /* Release */ = {
			isa = XCBuildConfiguration;
			buildSettings = {
				ALWAYS_SEARCH_USER_PATHS = NO;
				CLANG_ANALYZER_NONNULL = YES;
				CLANG_CXX_LANGUAGE_STANDARD = "gnu++0x";
				CLANG_CXX_LIBRARY = "libc++";
				CLANG_ENABLE_MODULES = YES;
				CLANG_ENABLE_OBJC_ARC = YES;
				CLANG_WARN_BOOL_CONVERSION = YES;
				CLANG_WARN_CONSTANT_CONVERSION = YES;
				CLANG_WARN_DIRECT_OBJC_ISA_USAGE = YES_ERROR;
				CLANG_WARN_DOCUMENTATION_COMMENTS = YES;
				CLANG_WARN_EMPTY_BODY = YES;
				CLANG_WARN_ENUM_CONVERSION = YES;
				CLANG_WARN_INFINITE_RECURSION = YES;
				CLANG_WARN_INT_CONVERSION = YES;
				CLANG_WARN_OBJC_ROOT_CLASS = YES_ERROR;
				CLANG_WARN_SUSPICIOUS_MOVES = YES;
				CLANG_WARN_UNREACHABLE_CODE = YES;
				CLANG_WARN__DUPLICATE_METHOD_MATCH = YES;
				"CODE_SIGN_IDENTITY[sdk=iphoneos*]" = "iPhone Developer";
				COPY_PHASE_STRIP = NO;
				DEBUG_INFORMATION_FORMAT = "dwarf-with-dsym";
				ENABLE_NS_ASSERTIONS = NO;
				ENABLE_STRICT_OBJC_MSGSEND = YES;
				GCC_C_LANGUAGE_STANDARD = gnu99;
				GCC_NO_COMMON_BLOCKS = YES;
				GCC_WARN_64_TO_32_BIT_CONVERSION = YES;
				GCC_WARN_ABOUT_RETURN_TYPE = YES_ERROR;
				GCC_WARN_UNDECLARED_SELECTOR = YES;
				GCC_WARN_UNINITIALIZED_AUTOS = YES_AGGRESSIVE;
				GCC_WARN_UNUSED_FUNCTION = YES;
				GCC_WARN_UNUSED_VARIABLE = YES;
				IPHONEOS_DEPLOYMENT_TARGET = 10.0;
				MTL_ENABLE_DEBUG_INFO = NO;
				SDKROOT = iphoneos;
				TARGETED_DEVICE_FAMILY = "1,2";
				VALIDATE_PRODUCT = YES;
			};
			name = Release;
		};
		CEAA1BC71D9C7A17001E8310 /* Debug */ = {
			isa = XCBuildConfiguration;
			buildSettings = {
				ASSETCATALOG_COMPILER_APPICON_NAME = AppIcon;
				DEVELOPMENT_TEAM = BL9A494VY5;
				INFOPLIST_FILE = CalculatorAppV2/Info.plist;
				LD_RUNPATH_SEARCH_PATHS = "$(inherited) @executable_path/Frameworks";
				PRODUCT_BUNDLE_IDENTIFIER = remekoh.CalculatorAppV2;
				PRODUCT_NAME = "$(TARGET_NAME)";
			};
			name = Debug;
		};
		CEAA1BC81D9C7A17001E8310 /* Release */ = {
			isa = XCBuildConfiguration;
			buildSettings = {
				ASSETCATALOG_COMPILER_APPICON_NAME = AppIcon;
				DEVELOPMENT_TEAM = BL9A494VY5;
				INFOPLIST_FILE = CalculatorAppV2/Info.plist;
				LD_RUNPATH_SEARCH_PATHS = "$(inherited) @executable_path/Frameworks";
				PRODUCT_BUNDLE_IDENTIFIER = remekoh.CalculatorAppV2;
				PRODUCT_NAME = "$(TARGET_NAME)";
			};
			name = Release;
		};
/* End XCBuildConfiguration section */

/* Begin XCConfigurationList section */
		CEAA1BAA1D9C7A17001E8310 /* Build configuration list for PBXProject "CalculatorAppV2" */ = {
			isa = XCConfigurationList;
			buildConfigurations = (
				CEAA1BC41D9C7A17001E8310 /* Debug */,
				CEAA1BC51D9C7A17001E8310 /* Release */,
			);
			defaultConfigurationIsVisible = 0;
			defaultConfigurationName = Release;
		};
		CEAA1BC61D9C7A17001E8310 /* Build configuration list for PBXNativeTarget "CalculatorAppV2" */ = {
			isa = XCConfigurationList;
			buildConfigurations = (
				CEAA1BC71D9C7A17001E8310 /* Debug */,
				CEAA1BC81D9C7A17001E8310 /* Release */,
			);
			defaultConfigurationIsVisible = 0;
			defaultConfigurationName = Release;
		};
/* End XCConfigurationList section */
	};
	rootObject = CEAA1BA71D9C7A17001E8310 /* Project object */;
}
